# This file is automatically @generated by Cargo.
# It is not intended for manual editing.
version = 4

[[package]]
name = "libmpv-sys"
version = "3.1.0"
source = "registry+https://github.com/rust-lang/crates.io-index"
checksum = "0df938d3145cd8f134572721a27afa3a51f9bc1c26ae30a1d5077162f96d074b"

[[package]]
name = "test_audio_only"
version = "0.1.0"
dependencies = [
 "libmpv-sys",
]
